
Microsoft Visual Studio Solution File, Format Version 12.00
# Visual Studio Version 17
VisualStudioVersion = 17.6.33723.286
MinimumVisualStudioVersion = 10.0.40219.1
Project("{FAE04EC0-301F-11D3-BF4B-00C04F79EFBC}") = "CreateStyledFormForAllFormsToDerive", "CreateStyledFormForAllFormsToDerive\CreateStyledFormForAllFormsToDerive.csproj", "{2F180A7D-00A6-479C-BD1E-E2D44431AE29}"
EndProject
Global
	GlobalSection(SolutionConfigurationPlatforms) = preSolution
		Debug|Any CPU = Debug|Any CPU
		Release|Any CPU = Release|Any CPU
	EndGlobalSection
	GlobalSection(ProjectConfigurationPlatforms) = postSolution
		{2F180A7D-00A6-479C-BD1E-E2D44431AE29}.Debug|Any CPU.ActiveCfg = Debug|Any CPU
		{2F180A7D-00A6-479C-BD1E-E2D44431AE29}.Debug|Any CPU.Build.0 = Debug|Any CPU
		{2F180A7D-00A6-479C-BD1E-E2D44431AE29}.Release|Any CPU.ActiveCfg = Release|Any CPU
		{2F180A7D-00A6-479C-BD1E-E2D44431AE29}.Release|Any CPU.Build.0 = Release|Any CPU
	EndGlobalSection
	GlobalSection(SolutionProperties) = preSolution
		HideSolutionNode = FALSE
	EndGlobalSection
	GlobalSection(ExtensibilityGlobals) = postSolution
		SolutionGuid = {BE7A3E5F-8EBF-42E6-AE47-9BAEA70EEC9A}
	EndGlobalSection
EndGlobal
